<?xml version="1.0" encoding="utf-8"?>
<Project ToolsVersion="4.0" xmlns="http://schemas.microsoft.com/developer/msbuild/2003">
  <ItemGroup>
    <ClCompile Include="pch.cpp">
      <Filter>misc</Filter>
    </ClCompile>
    <ClCompile Include="test_graphgen.cpp">
      <Filter>unit_testing</Filter>
    </ClCompile>
    <ClCompile Include="localec.cpp">
      <Filter>local</Filter>
    </ClCompile>
    <ClCompile Include="unbalancedvc.cpp">
      <Filter>local</Filter>
    </ClCompile>
    <ClCompile Include="resettable_graph.cpp">
      <Filter>graph</Filter>
    </ClCompile>
    <ClCompile Include="graphgen.cpp">
      <Filter>graph</Filter>
    </ClCompile>
    <ClCompile Include="sparsify.cpp">
      <Filter>graph</Filter>
    </ClCompile>
    <ClCompile Include="random.cpp">
      <Filter>utility</Filter>
    </ClCompile>
    <ClCompile Include="util.cpp">
      <Filter>utility</Filter>
    </ClCompile>
    <ClCompile Include="balancedvc.cpp">
      <Filter>local</Filter>
    </ClCompile>
    <ClCompile Include="maxflow.cpp">
      <Filter>local</Filter>
    </ClCompile>
    <ClCompile Include="vertex_connectivity.cpp">
      <Filter>vertex_connectivity</Filter>
    </ClCompile>
    <ClCompile Include="localbasedvc.cpp">
      <Filter>local</Filter>
    </ClCompile>
    <ClCompile Include="hrg.cpp">
      <Filter>hrg</Filter>
    </ClCompile>
    <ClCompile Include="graphIO.cpp">
      <Filter>graph</Filter>
    </ClCompile>
    <ClCompile Include="main.cpp">
      <Filter>main</Filter>
    </ClCompile>
    <ClCompile Include="mains.cpp">
      <Filter>main</Filter>
    </ClCompile>
    <ClCompile Include="test_resettable_graph.cpp">
      <Filter>unit_testing</Filter>
    </ClCompile>
    <ClCompile Include="test_rfg_local.cpp">
      <Filter>unit_testing</Filter>
    </ClCompile>
    <ClCompile Include="preprocessing.cpp">
      <Filter>graph</Filter>
    </ClCompile>
    <ClCompile Include="debug.cpp">
      <Filter>utility</Filter>
    </ClCompile>
    <ClCompile Include="vc_benchmarker.cpp">
      <Filter>utility</Filter>
    </ClCompile>
    <ClCompile Include="process_output.cpp">
      <Filter>main</Filter>
    </ClCompile>
    <ClCompile Include="misc_tests.cpp">
      <Filter>main</Filter>
    </ClCompile>
  </ItemGroup>
  <ItemGroup>
    <ClInclude Include="pch.h">
      <Filter>misc</Filter>
    </ClInclude>
    <ClInclude Include="localvc.h">
      <Filter>local</Filter>
    </ClInclude>
    <ClInclude Include="graphgen.h">
      <Filter>graph</Filter>
    </ClInclude>
    <ClInclude Include="sparsify.h">
      <Filter>graph</Filter>
    </ClInclude>
    <ClInclude Include="resettable_graph.h">
      <Filter>graph</Filter>
    </ClInclude>
    <ClInclude Include="util.h">
      <Filter>utility</Filter>
    </ClInclude>
    <ClInclude Include="random.h">
      <Filter>utility</Filter>
    </ClInclude>
    <ClInclude Include="maxflow.h">
      <Filter>local</Filter>
    </ClInclude>
    <ClInclude Include="vertex_connectivity.h">
      <Filter>vertex_connectivity</Filter>
    </ClInclude>
    <ClInclude Include="graph_basics.h">
      <Filter>graph</Filter>
    </ClInclude>
    <ClInclude Include="hrg.h">
      <Filter>hrg</Filter>
    </ClInclude>
    <ClInclude Include="graphIO.h">
      <Filter>graph</Filter>
    </ClInclude>
    <ClInclude Include="config.h">
      <Filter>main</Filter>
    </ClInclude>
    <ClInclude Include="mains.h">
      <Filter>main</Filter>
    </ClInclude>
    <ClInclude Include="preprocessing.h">
      <Filter>graph</Filter>
    </ClInclude>
    <ClInclude Include="debug.h">
      <Filter>utility</Filter>
    </ClInclude>
    <ClInclude Include="vc_benchmarker.h">
      <Filter>utility</Filter>
    </ClInclude>
  </ItemGroup>
  <ItemGroup>
    <None Include="packages.config" />
  </ItemGroup>
  <ItemGroup>
    <Filter Include="local">
      <UniqueIdentifier>{7d707968-f809-497c-90e9-7f985ecb397b}</UniqueIdentifier>
    </Filter>
    <Filter Include="graph">
      <UniqueIdentifier>{f1de1fb7-9003-4179-b179-e511ade4a9a7}</UniqueIdentifier>
    </Filter>
    <Filter Include="vertex_connectivity">
      <UniqueIdentifier>{6246927e-482d-4ca6-b41f-78b1a373f792}</UniqueIdentifier>
    </Filter>
    <Filter Include="hrg">
      <UniqueIdentifier>{86653b20-82c5-4fa2-a3c3-b13ddb90d74e}</UniqueIdentifier>
    </Filter>
    <Filter Include="misc">
      <UniqueIdentifier>{f530043f-0562-42b7-8267-652c95f55eef}</UniqueIdentifier>
    </Filter>
    <Filter Include="main">
      <UniqueIdentifier>{9c79c020-7b03-45a7-b19f-93ab4bbf6bba}</UniqueIdentifier>
    </Filter>
    <Filter Include="utility">
      <UniqueIdentifier>{ff209687-3ccd-4c1d-8fb4-4bce76a71ba8}</UniqueIdentifier>
    </Filter>
    <Filter Include="unit_testing">
      <UniqueIdentifier>{a6885673-bcf0-40b7-ab80-301f2a9e8af2}</UniqueIdentifier>
    </Filter>
  </ItemGroup>
</Project>